
Microsoft Visual Studio Solution File, Format Version 12.00
# Visual Studio Version 16
VisualStudioVersion = 16.0.30711.63
MinimumVisualStudioVersion = 10.0.40219.1
Project("{FAE04EC0-301F-11D3-BF4B-00C04F79EFBC}") = "mini_3", "mini_3\mini_3.csproj", "{69BFBC2F-D56A-4E70-A594-5B88B1913078}"
EndProject
Global
	GlobalSection(SolutionConfigurationPlatforms) = preSolution
		Debug|Any CPU = Debug|Any CPU
		Release|Any CPU = Release|Any CPU
	EndGlobalSection
	GlobalSection(ProjectConfigurationPlatforms) = postSolution
		{69BFBC2F-D56A-4E70-A594-5B88B1913078}.Debug|Any CPU.ActiveCfg = Debug|Any CPU
		{69BFBC2F-D56A-4E70-A594-5B88B1913078}.Debug|Any CPU.Build.0 = Debug|Any CPU
		{69BFBC2F-D56A-4E70-A594-5B88B1913078}.Release|Any CPU.ActiveCfg = Release|Any CPU
		{69BFBC2F-D56A-4E70-A594-5B88B1913078}.Release|Any CPU.Build.0 = Release|Any CPU
	EndGlobalSection
	GlobalSection(SolutionProperties) = preSolution
		HideSolutionNode = FALSE
	EndGlobalSection
	GlobalSection(ExtensibilityGlobals) = postSolution
		SolutionGuid = {271FBA89-9928-4872-98FD-5E65AA601C46}
	EndGlobalSection
EndGlobal
